# IF THERE'S A GIT CONFLICT IN THIS FILE, DON'T SOLVE IT MANUALLY!
# INSTEAD EXECUTE `prisma lift fix`
# lift lockfile v1
# Read more about conflict resolution here: TODO

20200112194110-init
20200112220853-add-timestamps-fields-to-post-and-user-object
20200112233503-add-phone-number-to-user
20200113001232-update-schemas